
Microsoft Visual Studio Solution File, Format Version 12.00
# Visual Studio Version 16
VisualStudioVersion = 16.0.31410.357
MinimumVisualStudioVersion = 10.0.40219.1
Project("{FAE04EC0-301F-11D3-BF4B-00C04F79EFBC}") = "Quete_JSON", "Quete_JSON\Quete_JSON.csproj", "{1C6E631D-F18D-4F46-8461-9670CE85B728}"
EndProject
Global
	GlobalSection(SolutionConfigurationPlatforms) = preSolution
		Debug|Any CPU = Debug|Any CPU
		Release|Any CPU = Release|Any CPU
	EndGlobalSection
	GlobalSection(ProjectConfigurationPlatforms) = postSolution
		{1C6E631D-F18D-4F46-8461-9670CE85B728}.Debug|Any CPU.ActiveCfg = Debug|Any CPU
		{1C6E631D-F18D-4F46-8461-9670CE85B728}.Debug|Any CPU.Build.0 = Debug|Any CPU
		{1C6E631D-F18D-4F46-8461-9670CE85B728}.Release|Any CPU.ActiveCfg = Release|Any CPU
		{1C6E631D-F18D-4F46-8461-9670CE85B728}.Release|Any CPU.Build.0 = Release|Any CPU
	EndGlobalSection
	GlobalSection(SolutionProperties) = preSolution
		HideSolutionNode = FALSE
	EndGlobalSection
	GlobalSection(ExtensibilityGlobals) = postSolution
		SolutionGuid = {3F6391C8-1FD4-48E7-869A-FBAF72F4393C}
	EndGlobalSection
EndGlobal
